
Microsoft Visual Studio Solution File, Format Version 12.00
# Visual Studio Version 16
VisualStudioVersion = 16.0.30320.27
MinimumVisualStudioVersion = 10.0.40219.1
Project("{FAE04EC0-301F-11D3-BF4B-00C04F79EFBC}") = "CrmBL", "CrmBL\CrmBL.csproj", "{8BA3CBCF-F14B-47BE-90A4-E73B89842830}"
EndProject
Project("{FAE04EC0-301F-11D3-BF4B-00C04F79EFBC}") = "CrmUI", "CrmUI\CrmUI.csproj", "{A2CD3D1D-9258-48E5-AAB7-5396052FCAF4}"
EndProject
Project("{FAE04EC0-301F-11D3-BF4B-00C04F79EFBC}") = "CrmBLTests", "CrmBLTests\CrmBLTests.csproj", "{AFAB7C86-804C-43E4-9B10-DCFF5A1D544B}"
EndProject
Global
	GlobalSection(SolutionConfigurationPlatforms) = preSolution
		Debug|Any CPU = Debug|Any CPU
		Release|Any CPU = Release|Any CPU
	EndGlobalSection
	GlobalSection(ProjectConfigurationPlatforms) = postSolution
		{8BA3CBCF-F14B-47BE-90A4-E73B89842830}.Debug|Any CPU.ActiveCfg = Debug|Any CPU
		{8BA3CBCF-F14B-47BE-90A4-E73B89842830}.Debug|Any CPU.Build.0 = Debug|Any CPU
		{8BA3CBCF-F14B-47BE-90A4-E73B89842830}.Release|Any CPU.ActiveCfg = Release|Any CPU
		{8BA3CBCF-F14B-47BE-90A4-E73B89842830}.Release|Any CPU.Build.0 = Release|Any CPU
		{A2CD3D1D-9258-48E5-AAB7-5396052FCAF4}.Debug|Any CPU.ActiveCfg = Debug|Any CPU
		{A2CD3D1D-9258-48E5-AAB7-5396052FCAF4}.Debug|Any CPU.Build.0 = Debug|Any CPU
		{A2CD3D1D-9258-48E5-AAB7-5396052FCAF4}.Release|Any CPU.ActiveCfg = Release|Any CPU
		{A2CD3D1D-9258-48E5-AAB7-5396052FCAF4}.Release|Any CPU.Build.0 = Release|Any CPU
		{AFAB7C86-804C-43E4-9B10-DCFF5A1D544B}.Debug|Any CPU.ActiveCfg = Debug|Any CPU
		{AFAB7C86-804C-43E4-9B10-DCFF5A1D544B}.Debug|Any CPU.Build.0 = Debug|Any CPU
		{AFAB7C86-804C-43E4-9B10-DCFF5A1D544B}.Release|Any CPU.ActiveCfg = Release|Any CPU
		{AFAB7C86-804C-43E4-9B10-DCFF5A1D544B}.Release|Any CPU.Build.0 = Release|Any CPU
	EndGlobalSection
	GlobalSection(SolutionProperties) = preSolution
		HideSolutionNode = FALSE
	EndGlobalSection
	GlobalSection(ExtensibilityGlobals) = postSolution
		SolutionGuid = {A250AA4D-1D1A-4148-9086-4EAE97336F8B}
	EndGlobalSection
EndGlobal
